
Microsoft Visual Studio Solution File, Format Version 12.00
# Visual Studio Version 16
VisualStudioVersion = 16.0.30523.141
MinimumVisualStudioVersion = 10.0.40219.1
Project("{9A19103F-16F7-4668-BE54-9A1E7A4F7556}") = "GeeksCoreLibrary", "GeeksCoreLibrary\GeeksCoreLibrary.csproj", "{2C2681B6-643F-4D6C-95E9-72721B3F62B1}"
EndProject
Project("{FAE04EC0-301F-11D3-BF4B-00C04F79EFBC}") = "GeeksCoreLibrary.Tests", "GeeksCoreLibrary.Tests\GeeksCoreLibrary.Tests.csproj", "{A9A2A16E-C80E-49F2-ADD7-56ED509CA770}"
EndProject
Global
	GlobalSection(SolutionConfigurationPlatforms) = preSolution
		Debug|Any CPU = Debug|Any CPU
		Release|Any CPU = Release|Any CPU
	EndGlobalSection
	GlobalSection(ProjectConfigurationPlatforms) = postSolution
		{2C2681B6-643F-4D6C-95E9-72721B3F62B1}.Debug|Any CPU.ActiveCfg = Debug|Any CPU
		{2C2681B6-643F-4D6C-95E9-72721B3F62B1}.Debug|Any CPU.Build.0 = Debug|Any CPU
		{2C2681B6-643F-4D6C-95E9-72721B3F62B1}.Release|Any CPU.ActiveCfg = Release|Any CPU
		{2C2681B6-643F-4D6C-95E9-72721B3F62B1}.Release|Any CPU.Build.0 = Release|Any CPU
		{A9A2A16E-C80E-49F2-ADD7-56ED509CA770}.Debug|Any CPU.ActiveCfg = Debug|Any CPU
		{A9A2A16E-C80E-49F2-ADD7-56ED509CA770}.Debug|Any CPU.Build.0 = Debug|Any CPU
		{A9A2A16E-C80E-49F2-ADD7-56ED509CA770}.Release|Any CPU.ActiveCfg = Release|Any CPU
		{A9A2A16E-C80E-49F2-ADD7-56ED509CA770}.Release|Any CPU.Build.0 = Release|Any CPU
	EndGlobalSection
	GlobalSection(SolutionProperties) = preSolution
		HideSolutionNode = FALSE
	EndGlobalSection
	GlobalSection(ExtensibilityGlobals) = postSolution
		SolutionGuid = {2D3B2BB2-DEA8-4BDB-ADB3-B8FB976B6009}
	EndGlobalSection
EndGlobal
